
Microsoft Visual Studio Solution File, Format Version 12.00
# Visual Studio 15
VisualStudioVersion = 15.0.27428.2037
MinimumVisualStudioVersion = 10.0.40219.1
Project("{FAE04EC0-301F-11D3-BF4B-00C04F79EFBC}") = "Lab Number6", "Lab Number6\Lab Number6.csproj", "{D74E7B65-B099-4F3A-96AC-F26B4CC67800}"
EndProject
Project("{2150E333-8FDC-42A3-9474-1A3956D46DE8}") = "Solution Items", "Solution Items", "{4939CA77-1EBF-4DD7-98A1-71BA2CC6A1FE}"
	ProjectSection(SolutionItems) = preProject
		.gitignore = .gitignore
	EndProjectSection
EndProject
Global
	GlobalSection(SolutionConfigurationPlatforms) = preSolution
		Debug|Any CPU = Debug|Any CPU
		Release|Any CPU = Release|Any CPU
	EndGlobalSection
	GlobalSection(ProjectConfigurationPlatforms) = postSolution
		{D74E7B65-B099-4F3A-96AC-F26B4CC67800}.Debug|Any CPU.ActiveCfg = Debug|Any CPU
		{D74E7B65-B099-4F3A-96AC-F26B4CC67800}.Debug|Any CPU.Build.0 = Debug|Any CPU
		{D74E7B65-B099-4F3A-96AC-F26B4CC67800}.Release|Any CPU.ActiveCfg = Release|Any CPU
		{D74E7B65-B099-4F3A-96AC-F26B4CC67800}.Release|Any CPU.Build.0 = Release|Any CPU
	EndGlobalSection
	GlobalSection(SolutionProperties) = preSolution
		HideSolutionNode = FALSE
	EndGlobalSection
	GlobalSection(ExtensibilityGlobals) = postSolution
		SolutionGuid = {1B822AE6-0DF9-435B-9C42-3C1A52D78CCC}
	EndGlobalSection
EndGlobal
